
Microsoft Visual Studio Solution File, Format Version 12.00
# Visual Studio Version 17
VisualStudioVersion = 17.3.32901.215
MinimumVisualStudioVersion = 10.0.40219.1
Project("{FAE04EC0-301F-11D3-BF4B-00C04F79EFBC}") = "Kursovaya_Bobrov", "Kursovaya_Bobrov.csproj", "{B4D51F95-9F07-44F3-823C-6A5CFD5B1090}"
EndProject
Global
	GlobalSection(SolutionConfigurationPlatforms) = preSolution
		Debug|Any CPU = Debug|Any CPU
		Release|Any CPU = Release|Any CPU
	EndGlobalSection
	GlobalSection(ProjectConfigurationPlatforms) = postSolution
		{B4D51F95-9F07-44F3-823C-6A5CFD5B1090}.Debug|Any CPU.ActiveCfg = Debug|Any CPU
		{B4D51F95-9F07-44F3-823C-6A5CFD5B1090}.Debug|Any CPU.Build.0 = Debug|Any CPU
		{B4D51F95-9F07-44F3-823C-6A5CFD5B1090}.Release|Any CPU.ActiveCfg = Release|Any CPU
		{B4D51F95-9F07-44F3-823C-6A5CFD5B1090}.Release|Any CPU.Build.0 = Release|Any CPU
	EndGlobalSection
	GlobalSection(SolutionProperties) = preSolution
		HideSolutionNode = FALSE
	EndGlobalSection
	GlobalSection(ExtensibilityGlobals) = postSolution
		SolutionGuid = {81CFD6E6-0E82-440D-801E-B4227A4BA66D}
	EndGlobalSection
EndGlobal
